
Microsoft Visual Studio Solution File, Format Version 12.00
# Visual Studio Version 17
VisualStudioVersion = 17.3.32819.101
MinimumVisualStudioVersion = 10.0.40219.1
Project("{8BC9CEB8-8B4A-11D0-8D11-00A0C91BC942}") = "SimpleExecutor", "SimpleExecutor\SimpleExecutor.vcxproj", "{B3D870DC-870F-4ADB-B817-BFCA8EEBD230}"
EndProject
Project("{FAE04EC0-301F-11D3-BF4B-00C04F79EFBC}") = "SimpleExecutorInjector", "SimpleExecutorInjector\SimpleExecutorInjector.csproj", "{66B37784-D9D7-4B93-9EAB-8926C38BB1C3}"
EndProject
Project("{8BC9CEB8-8B4A-11D0-8D11-00A0C91BC942}") = "RACBW", "RACBW\RACBW.vcxproj", "{02042264-113E-428A-B30A-EFED30943383}"
EndProject
Global
	GlobalSection(SolutionConfigurationPlatforms) = preSolution
		Debug|Any CPU = Debug|Any CPU
		Debug|x64 = Debug|x64
		Debug|x86 = Debug|x86
		Release|Any CPU = Release|Any CPU
		Release|x64 = Release|x64
		Release|x86 = Release|x86
	EndGlobalSection
	GlobalSection(ProjectConfigurationPlatforms) = postSolution
		{B3D870DC-870F-4ADB-B817-BFCA8EEBD230}.Debug|Any CPU.ActiveCfg = Debug|x64
		{B3D870DC-870F-4ADB-B817-BFCA8EEBD230}.Debug|Any CPU.Build.0 = Debug|x64
		{B3D870DC-870F-4ADB-B817-BFCA8EEBD230}.Debug|x64.ActiveCfg = Debug|x64
		{B3D870DC-870F-4ADB-B817-BFCA8EEBD230}.Debug|x64.Build.0 = Debug|x64
		{B3D870DC-870F-4ADB-B817-BFCA8EEBD230}.Debug|x86.ActiveCfg = Debug|Win32
		{B3D870DC-870F-4ADB-B817-BFCA8EEBD230}.Debug|x86.Build.0 = Debug|Win32
		{B3D870DC-870F-4ADB-B817-BFCA8EEBD230}.Release|Any CPU.ActiveCfg = Release|x64
		{B3D870DC-870F-4ADB-B817-BFCA8EEBD230}.Release|Any CPU.Build.0 = Release|x64
		{B3D870DC-870F-4ADB-B817-BFCA8EEBD230}.Release|x64.ActiveCfg = Release|x64
		{B3D870DC-870F-4ADB-B817-BFCA8EEBD230}.Release|x64.Build.0 = Release|x64
		{B3D870DC-870F-4ADB-B817-BFCA8EEBD230}.Release|x86.ActiveCfg = Release|Win32
		{B3D870DC-870F-4ADB-B817-BFCA8EEBD230}.Release|x86.Build.0 = Release|Win32
		{66B37784-D9D7-4B93-9EAB-8926C38BB1C3}.Debug|Any CPU.ActiveCfg = Debug|Any CPU
		{66B37784-D9D7-4B93-9EAB-8926C38BB1C3}.Debug|Any CPU.Build.0 = Debug|Any CPU
		{66B37784-D9D7-4B93-9EAB-8926C38BB1C3}.Debug|x64.ActiveCfg = Debug|Any CPU
		{66B37784-D9D7-4B93-9EAB-8926C38BB1C3}.Debug|x64.Build.0 = Debug|Any CPU
		{66B37784-D9D7-4B93-9EAB-8926C38BB1C3}.Debug|x86.ActiveCfg = Debug|Any CPU
		{66B37784-D9D7-4B93-9EAB-8926C38BB1C3}.Debug|x86.Build.0 = Debug|Any CPU
		{66B37784-D9D7-4B93-9EAB-8926C38BB1C3}.Release|Any CPU.ActiveCfg = Release|Any CPU
		{66B37784-D9D7-4B93-9EAB-8926C38BB1C3}.Release|Any CPU.Build.0 = Release|Any CPU
		{66B37784-D9D7-4B93-9EAB-8926C38BB1C3}.Release|x64.ActiveCfg = Release|Any CPU
		{66B37784-D9D7-4B93-9EAB-8926C38BB1C3}.Release|x64.Build.0 = Release|Any CPU
		{66B37784-D9D7-4B93-9EAB-8926C38BB1C3}.Release|x86.ActiveCfg = Release|Any CPU
		{66B37784-D9D7-4B93-9EAB-8926C38BB1C3}.Release|x86.Build.0 = Release|Any CPU
		{02042264-113E-428A-B30A-EFED30943383}.Debug|Any CPU.ActiveCfg = Debug|x64
		{02042264-113E-428A-B30A-EFED30943383}.Debug|Any CPU.Build.0 = Debug|x64
		{02042264-113E-428A-B30A-EFED30943383}.Debug|x64.ActiveCfg = Debug|x64
		{02042264-113E-428A-B30A-EFED30943383}.Debug|x64.Build.0 = Debug|x64
		{02042264-113E-428A-B30A-EFED30943383}.Debug|x86.ActiveCfg = Debug|Win32
		{02042264-113E-428A-B30A-EFED30943383}.Debug|x86.Build.0 = Debug|Win32
		{02042264-113E-428A-B30A-EFED30943383}.Release|Any CPU.ActiveCfg = Release|x64
		{02042264-113E-428A-B30A-EFED30943383}.Release|Any CPU.Build.0 = Release|x64
		{02042264-113E-428A-B30A-EFED30943383}.Release|x64.ActiveCfg = Release|x64
		{02042264-113E-428A-B30A-EFED30943383}.Release|x64.Build.0 = Release|x64
		{02042264-113E-428A-B30A-EFED30943383}.Release|x86.ActiveCfg = Release|Win32
		{02042264-113E-428A-B30A-EFED30943383}.Release|x86.Build.0 = Release|Win32
	EndGlobalSection
	GlobalSection(SolutionProperties) = preSolution
		HideSolutionNode = FALSE
	EndGlobalSection
	GlobalSection(ExtensibilityGlobals) = postSolution
		SolutionGuid = {A69B279B-0640-4AB2-88F1-C07739033560}
	EndGlobalSection
EndGlobal
