<?xml version="1.0" encoding="utf-8"?>
<Project ToolsVersion="4.0" xmlns="http://schemas.microsoft.com/developer/msbuild/2003">
  <ItemGroup>
    <Filter Include="Source Files">
      <UniqueIdentifier>{4FC737F1-C7A5-4376-A066-2A32D752A2FF}</UniqueIdentifier>
      <Extensions>cpp;c;cc;cxx;c++;cppm;ixx;def;odl;idl;hpj;bat;asm;asmx</Extensions>
    </Filter>
    <Filter Include="Header Files">
      <UniqueIdentifier>{93995380-89BD-4b04-88EB-625FBE52EBFB}</UniqueIdentifier>
      <Extensions>h;hh;hpp;hxx;h++;hm;inl;inc;ipp;xsd</Extensions>
    </Filter>
    <Filter Include="Resource Files">
      <UniqueIdentifier>{67DA6AB6-F800-4c08-8B7A-83BB121AAD01}</UniqueIdentifier>
      <Extensions>rc;ico;cur;bmp;dlg;rc2;rct;bin;rgs;gif;jpg;jpeg;jpe;resx;tiff;tif;png;wav;mfcribbon-ms</Extensions>
    </Filter>
  </ItemGroup>
  <ItemGroup>
    <ClCompile Include="Executor\entry\entry.cpp">
      <Filter>Source Files</Filter>
    </ClCompile>
    <ClCompile Include="Executor\main\main.cpp">
      <Filter>Source Files</Filter>
    </ClCompile>
    <ClCompile Include="Executor\roblox\checks\console\console_bypass.cpp">
      <Filter>Source Files</Filter>
    </ClCompile>
    <ClCompile Include="Executor\roblox\taskscheduler\taskscheduler.cpp">
      <Filter>Source Files</Filter>
    </ClCompile>
    <ClCompile Include="Executor\execution\execution.cpp">
      <Filter>Source Files</Filter>
    </ClCompile>
    <ClCompile Include="Executor\utilities\pattern_scan\pattern_scan.cpp">
      <Filter>Source Files</Filter>
    </ClCompile>
    <ClCompile Include="Executor\utilities\rand\rand_gen.cpp">
      <Filter>Source Files</Filter>
    </ClCompile>
    <ClCompile Include="Executor\luau\Ast.cpp">
      <Filter>Source Files</Filter>
    </ClCompile>
    <ClCompile Include="Executor\luau\Confusables.cpp">
      <Filter>Source Files</Filter>
    </ClCompile>
    <ClCompile Include="Executor\luau\Lexer.cpp">
      <Filter>Source Files</Filter>
    </ClCompile>
    <ClCompile Include="Executor\luau\Location.cpp">
      <Filter>Source Files</Filter>
    </ClCompile>
    <ClCompile Include="Executor\luau\Parser.cpp">
      <Filter>Source Files</Filter>
    </ClCompile>
    <ClCompile Include="Executor\luau\StringUtils.cpp">
      <Filter>Source Files</Filter>
    </ClCompile>
    <ClCompile Include="Executor\luau\TimeTrace.cpp">
      <Filter>Source Files</Filter>
    </ClCompile>
    <ClCompile Include="Executor\luau\BuiltinFolding.cpp">
      <Filter>Source Files</Filter>
    </ClCompile>
    <ClCompile Include="Executor\luau\Builtins.cpp">
      <Filter>Source Files</Filter>
    </ClCompile>
    <ClCompile Include="Executor\luau\BytecodeBuilder.cpp">
      <Filter>Source Files</Filter>
    </ClCompile>
    <ClCompile Include="Executor\luau\Compiler.cpp">
      <Filter>Source Files</Filter>
    </ClCompile>
    <ClCompile Include="Executor\luau\ConstantFolding.cpp">
      <Filter>Source Files</Filter>
    </ClCompile>
    <ClCompile Include="Executor\luau\CostModel.cpp">
      <Filter>Source Files</Filter>
    </ClCompile>
    <ClCompile Include="Executor\luau\lcode.cpp">
      <Filter>Source Files</Filter>
    </ClCompile>
    <ClCompile Include="Executor\luau\TableShape.cpp">
      <Filter>Source Files</Filter>
    </ClCompile>
    <ClCompile Include="Executor\luau\ValueTracking.cpp">
      <Filter>Source Files</Filter>
    </ClCompile>
    <ClCompile Include="Executor\luau\lapi.cpp">
      <Filter>Source Files</Filter>
    </ClCompile>
    <ClCompile Include="Executor\luau\laux.cpp">
      <Filter>Source Files</Filter>
    </ClCompile>
    <ClCompile Include="Executor\luau\lbaselib.cpp">
      <Filter>Source Files</Filter>
    </ClCompile>
    <ClCompile Include="Executor\luau\lbitlib.cpp">
      <Filter>Source Files</Filter>
    </ClCompile>
    <ClCompile Include="Executor\luau\lbuiltins.cpp">
      <Filter>Source Files</Filter>
    </ClCompile>
    <ClCompile Include="Executor\luau\lcorolib.cpp">
      <Filter>Source Files</Filter>
    </ClCompile>
    <ClCompile Include="Executor\luau\ldblib.cpp">
      <Filter>Source Files</Filter>
    </ClCompile>
    <ClCompile Include="Executor\luau\ldebug.cpp">
      <Filter>Source Files</Filter>
    </ClCompile>
    <ClCompile Include="Executor\luau\ldo.cpp">
      <Filter>Source Files</Filter>
    </ClCompile>
    <ClCompile Include="Executor\luau\lfunc.cpp">
      <Filter>Source Files</Filter>
    </ClCompile>
    <ClCompile Include="Executor\luau\lgc.cpp">
      <Filter>Source Files</Filter>
    </ClCompile>
    <ClCompile Include="Executor\luau\lgcdebug.cpp">
      <Filter>Source Files</Filter>
    </ClCompile>
    <ClCompile Include="Executor\luau\linit.cpp">
      <Filter>Source Files</Filter>
    </ClCompile>
    <ClCompile Include="Executor\luau\lmathlib.cpp">
      <Filter>Source Files</Filter>
    </ClCompile>
    <ClCompile Include="Executor\luau\lmem.cpp">
      <Filter>Source Files</Filter>
    </ClCompile>
    <ClCompile Include="Executor\luau\lnumprint.cpp">
      <Filter>Source Files</Filter>
    </ClCompile>
    <ClCompile Include="Executor\luau\lobject.cpp">
      <Filter>Source Files</Filter>
    </ClCompile>
    <ClCompile Include="Executor\luau\loslib.cpp">
      <Filter>Source Files</Filter>
    </ClCompile>
    <ClCompile Include="Executor\luau\lperf.cpp">
      <Filter>Source Files</Filter>
    </ClCompile>
    <ClCompile Include="Executor\luau\lstate.cpp">
      <Filter>Source Files</Filter>
    </ClCompile>
    <ClCompile Include="Executor\luau\lstring.cpp">
      <Filter>Source Files</Filter>
    </ClCompile>
    <ClCompile Include="Executor\luau\lstrlib.cpp">
      <Filter>Source Files</Filter>
    </ClCompile>
    <ClCompile Include="Executor\luau\ltable.cpp">
      <Filter>Source Files</Filter>
    </ClCompile>
    <ClCompile Include="Executor\luau\ltablib.cpp">
      <Filter>Source Files</Filter>
    </ClCompile>
    <ClCompile Include="Executor\luau\ltm.cpp">
      <Filter>Source Files</Filter>
    </ClCompile>
    <ClCompile Include="Executor\luau\ludata.cpp">
      <Filter>Source Files</Filter>
    </ClCompile>
    <ClCompile Include="Executor\luau\lutf8lib.cpp">
      <Filter>Source Files</Filter>
    </ClCompile>
    <ClCompile Include="Executor\luau\lvmexecute.cpp">
      <Filter>Source Files</Filter>
    </ClCompile>
    <ClCompile Include="Executor\luau\lvmload.cpp">
      <Filter>Source Files</Filter>
    </ClCompile>
    <ClCompile Include="Executor\luau\lvmutils.cpp">
      <Filter>Source Files</Filter>
    </ClCompile>
    <ClCompile Include="Executor\module\executor_module.cpp">
      <Filter>Source Files</Filter>
    </ClCompile>
    <ClCompile Include="Executor\roblox\checks\memcheck\memcheck_bypass.cpp">
      <Filter>Source Files</Filter>
    </ClCompile>
    <ClCompile Include="Executor\utilities\memory\memory.cpp">
      <Filter>Source Files</Filter>
    </ClCompile>
    <ClCompile Include="Executor\roblox\custom_functions\custom_functions.cpp">
      <Filter>Source Files</Filter>
    </ClCompile>
  </ItemGroup>
  <ItemGroup>
    <ClInclude Include="entry\entry.hpp">
      <Filter>Header Files</Filter>
    </ClInclude>
    <ClInclude Include="main\main.hpp">
      <Filter>Header Files</Filter>
    </ClInclude>
    <ClInclude Include="module\executor_module.hpp">
      <Filter>Header Files</Filter>
    </ClInclude>
    <ClInclude Include="Executor\entry\entry.hpp">
      <Filter>Header Files</Filter>
    </ClInclude>
    <ClInclude Include="Executor\main\main.hpp">
      <Filter>Header Files</Filter>
    </ClInclude>
    <ClInclude Include="Executor\module\executor_module.hpp">
      <Filter>Header Files</Filter>
    </ClInclude>
    <ClInclude Include="Executor\roblox\checks\console\console_bypass.hpp">
      <Filter>Header Files</Filter>
    </ClInclude>
    <ClInclude Include="Executor\roblox\offsets\offsets.hpp">
      <Filter>Header Files</Filter>
    </ClInclude>
    <ClInclude Include="Executor\roblox\structures\structures.hpp">
      <Filter>Header Files</Filter>
    </ClInclude>
    <ClInclude Include="Executor\roblox\taskscheduler\taskscheduler.hpp">
      <Filter>Header Files</Filter>
    </ClInclude>
    <ClInclude Include="Executor\execution\execution.hpp">
      <Filter>Header Files</Filter>
    </ClInclude>
    <ClInclude Include="Executor\utilities\hooks\hooks.hpp">
      <Filter>Header Files</Filter>
    </ClInclude>
    <ClInclude Include="Executor\utilities\hooks\vftable\vftable.hpp">
      <Filter>Header Files</Filter>
    </ClInclude>
    <ClInclude Include="Executor\utilities\pattern_scan\pattern_scan.hpp">
      <Filter>Header Files</Filter>
    </ClInclude>
    <ClInclude Include="Executor\utilities\rand\rand_gen.hpp">
      <Filter>Header Files</Filter>
    </ClInclude>
    <ClInclude Include="Executor\utilities\structures\structures.hpp">
      <Filter>Header Files</Filter>
    </ClInclude>
    <ClInclude Include="Executor\utilities\utilities.hpp">
      <Filter>Header Files</Filter>
    </ClInclude>
    <ClInclude Include="Executor\luau\Luau\Ast.h">
      <Filter>Header Files</Filter>
    </ClInclude>
    <ClInclude Include="Executor\luau\Luau\Confusables.h">
      <Filter>Header Files</Filter>
    </ClInclude>
    <ClInclude Include="Executor\luau\Luau\DenseHash.h">
      <Filter>Header Files</Filter>
    </ClInclude>
    <ClInclude Include="Executor\luau\Luau\Lexer.h">
      <Filter>Header Files</Filter>
    </ClInclude>
    <ClInclude Include="Executor\luau\Luau\Location.h">
      <Filter>Header Files</Filter>
    </ClInclude>
    <ClInclude Include="Executor\luau\Luau\ParseOptions.h">
      <Filter>Header Files</Filter>
    </ClInclude>
    <ClInclude Include="Executor\luau\Luau\Parser.h">
      <Filter>Header Files</Filter>
    </ClInclude>
    <ClInclude Include="Executor\luau\Luau\ParseResult.h">
      <Filter>Header Files</Filter>
    </ClInclude>
    <ClInclude Include="Executor\luau\Luau\StringUtils.h">
      <Filter>Header Files</Filter>
    </ClInclude>
    <ClInclude Include="Executor\luau\Luau\TimeTrace.h">
      <Filter>Header Files</Filter>
    </ClInclude>
    <ClInclude Include="Executor\luau\Luau\Bytecode.h">
      <Filter>Header Files</Filter>
    </ClInclude>
    <ClInclude Include="Executor\luau\Luau\Common.h">
      <Filter>Header Files</Filter>
    </ClInclude>
    <ClInclude Include="Executor\luau\Luau\ExperimentalFlags.h">
      <Filter>Header Files</Filter>
    </ClInclude>
    <ClInclude Include="Executor\luau\luacode.h">
      <Filter>Header Files</Filter>
    </ClInclude>
    <ClInclude Include="Executor\luau\Luau\BytecodeBuilder.h">
      <Filter>Header Files</Filter>
    </ClInclude>
    <ClInclude Include="Executor\luau\Luau\Compiler.h">
      <Filter>Header Files</Filter>
    </ClInclude>
    <ClInclude Include="Executor\luau\BuiltinFolding.h">
      <Filter>Header Files</Filter>
    </ClInclude>
    <ClInclude Include="Executor\luau\Builtins.h">
      <Filter>Header Files</Filter>
    </ClInclude>
    <ClInclude Include="Executor\luau\ConstantFolding.h">
      <Filter>Header Files</Filter>
    </ClInclude>
    <ClInclude Include="Executor\luau\CostModel.h">
      <Filter>Header Files</Filter>
    </ClInclude>
    <ClInclude Include="Executor\luau\TableShape.h">
      <Filter>Header Files</Filter>
    </ClInclude>
    <ClInclude Include="Executor\luau\ValueTracking.h">
      <Filter>Header Files</Filter>
    </ClInclude>
    <ClInclude Include="Executor\luau\lua.h">
      <Filter>Header Files</Filter>
    </ClInclude>
    <ClInclude Include="Executor\luau\luaconf.h">
      <Filter>Header Files</Filter>
    </ClInclude>
    <ClInclude Include="Executor\luau\lualib.h">
      <Filter>Header Files</Filter>
    </ClInclude>
    <ClInclude Include="Executor\luau\lapi.h">
      <Filter>Header Files</Filter>
    </ClInclude>
    <ClInclude Include="Executor\luau\lbuiltins.h">
      <Filter>Header Files</Filter>
    </ClInclude>
    <ClInclude Include="Executor\luau\lbytecode.h">
      <Filter>Header Files</Filter>
    </ClInclude>
    <ClInclude Include="Executor\luau\lcommon.h">
      <Filter>Header Files</Filter>
    </ClInclude>
    <ClInclude Include="Executor\luau\ldebug.h">
      <Filter>Header Files</Filter>
    </ClInclude>
    <ClInclude Include="Executor\luau\ldo.h">
      <Filter>Header Files</Filter>
    </ClInclude>
    <ClInclude Include="Executor\luau\lfunc.h">
      <Filter>Header Files</Filter>
    </ClInclude>
    <ClInclude Include="Executor\luau\lgc.h">
      <Filter>Header Files</Filter>
    </ClInclude>
    <ClInclude Include="Executor\luau\lmem.h">
      <Filter>Header Files</Filter>
    </ClInclude>
    <ClInclude Include="Executor\luau\lnumutils.h">
      <Filter>Header Files</Filter>
    </ClInclude>
    <ClInclude Include="Executor\luau\lobject.h">
      <Filter>Header Files</Filter>
    </ClInclude>
    <ClInclude Include="Executor\luau\lstate.h">
      <Filter>Header Files</Filter>
    </ClInclude>
    <ClInclude Include="Executor\luau\lstring.h">
      <Filter>Header Files</Filter>
    </ClInclude>
    <ClInclude Include="Executor\luau\ltable.h">
      <Filter>Header Files</Filter>
    </ClInclude>
    <ClInclude Include="Executor\luau\ltm.h">
      <Filter>Header Files</Filter>
    </ClInclude>
    <ClInclude Include="Executor\luau\ludata.h">
      <Filter>Header Files</Filter>
    </ClInclude>
    <ClInclude Include="Executor\luau\lvm.h">
      <Filter>Header Files</Filter>
    </ClInclude>
    <ClInclude Include="Executor\roblox\checks\checks.hpp">
      <Filter>Header Files</Filter>
    </ClInclude>
    <ClInclude Include="Executor\roblox\checks\memcheck\memcheck_bypass.hpp">
      <Filter>Header Files</Filter>
    </ClInclude>
    <ClInclude Include="Executor\utilities\memory\memory.hpp">
      <Filter>Header Files</Filter>
    </ClInclude>
    <ClInclude Include="Executor\roblox\custom_functions\custom_functions.hpp">
      <Filter>Header Files</Filter>
    </ClInclude>
  </ItemGroup>
</Project>